
Microsoft Visual Studio Solution File, Format Version 12.00
# Visual Studio Version 17
VisualStudioVersion = 17.11.35327.3
MinimumVisualStudioVersion = 10.0.40219.1
Project("{FAE04EC0-301F-11D3-BF4B-00C04F79EFBC}") = "BlazorTraining244048", "BlazorTraining244048\BlazorTraining244048.csproj", "{0EB33626-F7F2-4A6F-8A40-A0783FE1BC49}"
EndProject
Global
	GlobalSection(SolutionConfigurationPlatforms) = preSolution
		Debug|Any CPU = Debug|Any CPU
		Release|Any CPU = Release|Any CPU
	EndGlobalSection
	GlobalSection(ProjectConfigurationPlatforms) = postSolution
		{0EB33626-F7F2-4A6F-8A40-A0783FE1BC49}.Debug|Any CPU.ActiveCfg = Debug|Any CPU
		{0EB33626-F7F2-4A6F-8A40-A0783FE1BC49}.Debug|Any CPU.Build.0 = Debug|Any CPU
		{0EB33626-F7F2-4A6F-8A40-A0783FE1BC49}.Release|Any CPU.ActiveCfg = Release|Any CPU
		{0EB33626-F7F2-4A6F-8A40-A0783FE1BC49}.Release|Any CPU.Build.0 = Release|Any CPU
	EndGlobalSection
	GlobalSection(SolutionProperties) = preSolution
		HideSolutionNode = FALSE
	EndGlobalSection
	GlobalSection(ExtensibilityGlobals) = postSolution
		SolutionGuid = {CD6FF147-83A5-4506-86C0-E19A538675E3}
	EndGlobalSection
EndGlobal
